
Microsoft Visual Studio Solution File, Format Version 12.00
# Visual Studio Version 17
VisualStudioVersion = 17.14.37027.9 d17.14
MinimumVisualStudioVersion = 10.0.40219.1
Project("{FAE04EC0-301F-11D3-BF4B-00C04F79EFBC}") = "Lab 2 tema", "Lab 2 tema\Lab 2 tema.csproj", "{16FDEBC3-B903-4067-80F2-2D3C1E3D703D}"
EndProject
Global
	GlobalSection(SolutionConfigurationPlatforms) = preSolution
		Debug|Any CPU = Debug|Any CPU
		Release|Any CPU = Release|Any CPU
	EndGlobalSection
	GlobalSection(ProjectConfigurationPlatforms) = postSolution
		{16FDEBC3-B903-4067-80F2-2D3C1E3D703D}.Debug|Any CPU.ActiveCfg = Debug|Any CPU
		{16FDEBC3-B903-4067-80F2-2D3C1E3D703D}.Debug|Any CPU.Build.0 = Debug|Any CPU
		{16FDEBC3-B903-4067-80F2-2D3C1E3D703D}.Release|Any CPU.ActiveCfg = Release|Any CPU
		{16FDEBC3-B903-4067-80F2-2D3C1E3D703D}.Release|Any CPU.Build.0 = Release|Any CPU
	EndGlobalSection
	GlobalSection(SolutionProperties) = preSolution
		HideSolutionNode = FALSE
	EndGlobalSection
	GlobalSection(ExtensibilityGlobals) = postSolution
		SolutionGuid = {905A0B3A-BA97-446D-8097-73D3DFEDECBA}
	EndGlobalSection
EndGlobal
